
Microsoft Visual Studio Solution File, Format Version 12.00
# Visual Studio Version 17
VisualStudioVersion = 17.9.34622.214
MinimumVisualStudioVersion = 10.0.40219.1
Project("{FAE04EC0-301F-11D3-BF4B-00C04F79EFBC}") = "XO MAP 2024 - Ioan Oprea", "XO MAP 2024 - Ioan Oprea\XO MAP 2024 - Ioan Oprea.csproj", "{343FCFBC-9E80-4E6A-BF41-68220D463D37}"
EndProject
Global
	GlobalSection(SolutionConfigurationPlatforms) = preSolution
		Debug|Any CPU = Debug|Any CPU
		Release|Any CPU = Release|Any CPU
	EndGlobalSection
	GlobalSection(ProjectConfigurationPlatforms) = postSolution
		{343FCFBC-9E80-4E6A-BF41-68220D463D37}.Debug|Any CPU.ActiveCfg = Debug|Any CPU
		{343FCFBC-9E80-4E6A-BF41-68220D463D37}.Debug|Any CPU.Build.0 = Debug|Any CPU
		{343FCFBC-9E80-4E6A-BF41-68220D463D37}.Release|Any CPU.ActiveCfg = Release|Any CPU
		{343FCFBC-9E80-4E6A-BF41-68220D463D37}.Release|Any CPU.Build.0 = Release|Any CPU
	EndGlobalSection
	GlobalSection(SolutionProperties) = preSolution
		HideSolutionNode = FALSE
	EndGlobalSection
	GlobalSection(ExtensibilityGlobals) = postSolution
		SolutionGuid = {044B2EB9-02AB-492B-B25D-8556A80FEEA4}
	EndGlobalSection
EndGlobal
